// !$*UTF8*$!
{
	archiveVersion = 1;
	classes = {
	};
	objectVersion = 77;
	objects = {

/* Begin PBXBuildFile section */
		8C1135762EA5A1A7009F40D1 /* VideoProcessingTwo in Frameworks */ = {isa = PBXBuildFile; productRef = 8C1135752EA5A1A7009F40D1 /* VideoProcessingTwo */; };
/* End PBXBuildFile section */

/* Begin PBXContainerItemProxy section */
		8C1135412EA5A0BF009F40D1 /* PBXContainerItemProxy */ = {
			isa = PBXContainerItemProxy;
			containerPortal = 8C11352B2EA5A0BE009F40D1 /* Project object */;
			proxyType = 1;
			remoteGlobalIDString = 8C1135322EA5A0BE009F40D1;
			remoteInfo = RealtimeCameraSample;
		};
		8C11354B2EA5A0BF009F40D1 /* PBXContainerItemProxy */ = {
			isa = PBXContainerItemProxy;
			containerPortal = 8C11352B2EA5A0BE009F40D1 /* Project object */;
			proxyType = 1;
			remoteGlobalIDString = 8C1135322EA5A0BE009F40D1;
			remoteInfo = RealtimeCameraSample;
		};
/* End PBXContainerItemProxy section */

/* Begin PBXFileReference section */
		8C1135332EA5A0BE009F40D1 /* RealtimeCameraSample.app */ = {isa = PBXFileReference; explicitFileType = wrapper.application; includeInIndex = 0; path = RealtimeCameraSample.app; sourceTree = BUILT_PRODUCTS_DIR; };
		8C1135402EA5A0BF009F40D1 /* RealtimeCameraSampleTests.xctest */ = {isa = PBXFileReference; explicitFileType = wrapper.cfbundle; includeInIndex = 0; path = RealtimeCameraSampleTests.xctest; sourceTree = BUILT_PRODUCTS_DIR; };
		8C11354A2EA5A0BF009F40D1 /* RealtimeCameraSampleUITests.xctest */ = {isa = PBXFileReference; explicitFileType = wrapper.cfbundle; includeInIndex = 0; path = RealtimeCameraSampleUITests.xctest; sourceTree = BUILT_PRODUCTS_DIR; };
/* End PBXFileReference section */

/* Begin PBXFileSystemSynchronizedRootGroup section */
		8C1135352EA5A0BE009F40D1 /* RealtimeCameraSample */ = {
			isa = PBXFileSystemSynchronizedRootGroup;
			path = RealtimeCameraSample;
			sourceTree = "<group>";
		};
		8C1135432EA5A0BF009F40D1 /* RealtimeCameraSampleTests */ = {
			isa = PBXFileSystemSynchronizedRootGroup;
			path = RealtimeCameraSampleTests;
			sourceTree = "<group>";
		};
		8C11354D2EA5A0BF009F40D1 /* RealtimeCameraSampleUITests */ = {
			isa = PBXFileSystemSynchronizedRootGroup;
			path = RealtimeCameraSampleUITests;
			sourceTree = "<group>";
		};
/* End PBXFileSystemSynchronizedRootGroup section */

/* Begin PBXFrameworksBuildPhase section */
		8C1135302EA5A0BE009F40D1 /* Frameworks */ = {
			isa = PBXFrameworksBuildPhase;
			buildActionMask = 2147483647;
			files = (
				8C1135762EA5A1A7009F40D1 /* VideoProcessingTwo in Frameworks */,
			);
			runOnlyForDeploymentPostprocessing = 0;
		};
		8C11353D2EA5A0BF009F40D1 /* Frameworks */ = {
			isa = PBXFrameworksBuildPhase;
			buildActionMask = 2147483647;
			files = (
			);
			runOnlyForDeploymentPostprocessing = 0;
		};
		8C1135472EA5A0BF009F40D1 /* Frameworks */ = {
			isa = PBXFrameworksBuildPhase;
			buildActionMask = 2147483647;
			files = (
			);
			runOnlyForDeploymentPostprocessing = 0;
		};
/* End PBXFrameworksBuildPhase section */

/* Begin PBXGroup section */
		8C11352A2EA5A0BE009F40D1 = {
			isa = PBXGroup;
			children = (
				8C1135352EA5A0BE009F40D1 /* RealtimeCameraSample */,
				8C1135432EA5A0BF009F40D1 /* RealtimeCameraSampleTests */,
				8C11354D2EA5A0BF009F40D1 /* RealtimeCameraSampleUITests */,
				8C1135342EA5A0BE009F40D1 /* Products */,
			);
			sourceTree = "<group>";
		};
		8C1135342EA5A0BE009F40D1 /* Products */ = {
			isa = PBXGroup;
			children = (
				8C1135332EA5A0BE009F40D1 /* RealtimeCameraSample.app */,
				8C1135402EA5A0BF009F40D1 /* RealtimeCameraSampleTests.xctest */,
				8C11354A2EA5A0BF009F40D1 /* RealtimeCameraSampleUITests.xctest */,
			);
			name = Products;
			sourceTree = "<group>";
		};
/* End PBXGroup section */

/* Begin PBXNativeTarget section */
		8C1135322EA5A0BE009F40D1 /* RealtimeCameraSample */ = {
			isa = PBXNativeTarget;
			buildConfigurationList = 8C1135542EA5A0BF009F40D1 /* Build configuration list for PBXNativeTarget "RealtimeCameraSample" */;
			buildPhases = (
				8C11352F2EA5A0BE009F40D1 /* Sources */,
				8C1135302EA5A0BE009F40D1 /* Frameworks */,
				8C1135312EA5A0BE009F40D1 /* Resources */,
			);
			buildRules = (
			);
			dependencies = (
			);
			fileSystemSynchronizedGroups = (
				8C1135352EA5A0BE009F40D1 /* RealtimeCameraSample */,
			);
			name = RealtimeCameraSample;
			packageProductDependencies = (
				8C1135752EA5A1A7009F40D1 /* VideoProcessingTwo */,
			);
			productName = RealtimeCameraSample;
			productReference = 8C1135332EA5A0BE009F40D1 /* RealtimeCameraSample.app */;
			productType = "com.apple.product-type.application";
		};
		8C11353F2EA5A0BF009F40D1 /* RealtimeCameraSampleTests */ = {
			isa = PBXNativeTarget;
			buildConfigurationList = 8C1135572EA5A0BF009F40D1 /* Build configuration list for PBXNativeTarget "RealtimeCameraSampleTests" */;
			buildPhases = (
				8C11353C2EA5A0BF009F40D1 /* Sources */,
				8C11353D2EA5A0BF009F40D1 /* Frameworks */,
				8C11353E2EA5A0BF009F40D1 /* Resources */,
			);
			buildRules = (
			);
			dependencies = (
				8C1135422EA5A0BF009F40D1 /* PBXTargetDependency */,
			);
			fileSystemSynchronizedGroups = (
				8C1135432EA5A0BF009F40D1 /* RealtimeCameraSampleTests */,
			);
			name = RealtimeCameraSampleTests;
			packageProductDependencies = (
			);
			productName = RealtimeCameraSampleTests;
			productReference = 8C1135402EA5A0BF009F40D1 /* RealtimeCameraSampleTests.xctest */;
			productType = "com.apple.product-type.bundle.unit-test";
		};
		8C1135492EA5A0BF009F40D1 /* RealtimeCameraSampleUITests */ = {
			isa = PBXNativeTarget;
			buildConfigurationList = 8C11355A2EA5A0BF009F40D1 /* Build configuration list for PBXNativeTarget "RealtimeCameraSampleUITests" */;
			buildPhases = (
				8C1135462EA5A0BF009F40D1 /* Sources */,
				8C1135472EA5A0BF009F40D1 /* Frameworks */,
				8C1135482EA5A0BF009F40D1 /* Resources */,
			);
			buildRules = (
			);
			dependencies = (
				8C11354C2EA5A0BF009F40D1 /* PBXTargetDependency */,
			);
			fileSystemSynchronizedGroups = (
				8C11354D2EA5A0BF009F40D1 /* RealtimeCameraSampleUITests */,
			);
			name = RealtimeCameraSampleUITests;
			packageProductDependencies = (
			);
			productName = RealtimeCameraSampleUITests;
			productReference = 8C11354A2EA5A0BF009F40D1 /* RealtimeCameraSampleUITests.xctest */;
			productType = "com.apple.product-type.bundle.ui-testing";
		};
/* End PBXNativeTarget section */

/* Begin PBXProject section */
		8C11352B2EA5A0BE009F40D1 /* Project object */ = {
			isa = PBXProject;
			attributes = {
				BuildIndependentTargetsInParallel = 1;
				LastSwiftUpdateCheck = 2600;
				LastUpgradeCheck = 2600;
				TargetAttributes = {
					8C1135322EA5A0BE009F40D1 = {
						CreatedOnToolsVersion = 26.0.1;
						LastSwiftMigration = 2600;
					};
					8C11353F2EA5A0BF009F40D1 = {
						CreatedOnToolsVersion = 26.0.1;
						TestTargetID = 8C1135322EA5A0BE009F40D1;
					};
					8C1135492EA5A0BF009F40D1 = {
						CreatedOnToolsVersion = 26.0.1;
						TestTargetID = 8C1135322EA5A0BE009F40D1;
					};
				};
			};
			buildConfigurationList = 8C11352E2EA5A0BE009F40D1 /* Build configuration list for PBXProject "RealtimeCameraSample" */;
			developmentRegion = en;
			hasScannedForEncodings = 0;
			knownRegions = (
				en,
				Base,
			);
			mainGroup = 8C11352A2EA5A0BE009F40D1;
			minimizedProjectReferenceProxies = 1;
			packageReferences = (
				8C1135742EA5A1A7009F40D1 /* XCLocalSwiftPackageReference "../../VideoProcessingTwo" */,
			);
			preferredProjectObjectVersion = 77;
			productRefGroup = 8C1135342EA5A0BE009F40D1 /* Products */;
			projectDirPath = "";
			projectRoot = "";
			targets = (
				8C1135322EA5A0BE009F40D1 /* RealtimeCameraSample */,
				8C11353F2EA5A0BF009F40D1 /* RealtimeCameraSampleTests */,
				8C1135492EA5A0BF009F40D1 /* RealtimeCameraSampleUITests */,
			);
		};
/* End PBXProject section */

/* Begin PBXResourcesBuildPhase section */
		8C1135312EA5A0BE009F40D1 /* Resources */ = {
			isa = PBXResourcesBuildPhase;
			buildActionMask = 2147483647;
			files = (
			);
			runOnlyForDeploymentPostprocessing = 0;
		};
		8C11353E2EA5A0BF009F40D1 /* Resources */ = {
			isa = PBXResourcesBuildPhase;
			buildActionMask = 2147483647;
			files = (
			);
			runOnlyForDeploymentPostprocessing = 0;
		};
		8C1135482EA5A0BF009F40D1 /* Resources */ = {
			isa = PBXResourcesBuildPhase;
			buildActionMask = 2147483647;
			files = (
			);
			runOnlyForDeploymentPostprocessing = 0;
		};
/* End PBXResourcesBuildPhase section */

/* Begin PBXSourcesBuildPhase section */
		8C11352F2EA5A0BE009F40D1 /* Sources */ = {
			isa = PBXSourcesBuildPhase;
			buildActionMask = 2147483647;
			files = (
			);
			runOnlyForDeploymentPostprocessing = 0;
		};
		8C11353C2EA5A0BF009F40D1 /* Sources */ = {
			isa = PBXSourcesBuildPhase;
			buildActionMask = 2147483647;
			files = (
			);
			runOnlyForDeploymentPostprocessing = 0;
		};
		8C1135462EA5A0BF009F40D1 /* Sources */ = {
			isa = PBXSourcesBuildPhase;
			buildActionMask = 2147483647;
			files = (
			);
			runOnlyForDeploymentPostprocessing = 0;
		};
/* End PBXSourcesBuildPhase section */

/* Begin PBXTargetDependency section */
		8C1135422EA5A0BF009F40D1 /* PBXTargetDependency */ = {
			isa = PBXTargetDependency;
			target = 8C1135322EA5A0BE009F40D1 /* RealtimeCameraSample */;
			targetProxy = 8C1135412EA5A0BF009F40D1 /* PBXContainerItemProxy */;
		};
		8C11354C2EA5A0BF009F40D1 /* PBXTargetDependency */ = {
			isa = PBXTargetDependency;
			target = 8C1135322EA5A0BE009F40D1 /* RealtimeCameraSample */;
			targetProxy = 8C11354B2EA5A0BF009F40D1 /* PBXContainerItemProxy */;
		};
/* End PBXTargetDependency section */

/* Begin XCBuildConfiguration section */
		8C1135522EA5A0BF009F40D1 /* Debug */ = {
			isa = XCBuildConfiguration;
			buildSettings = {
				ALWAYS_SEARCH_USER_PATHS = NO;
				ASSETCATALOG_COMPILER_GENERATE_SWIFT_ASSET_SYMBOL_EXTENSIONS = YES;
				CLANG_ANALYZER_NONNULL = YES;
				CLANG_ANALYZER_NUMBER_OBJECT_CONVERSION = YES_AGGRESSIVE;
				CLANG_CXX_LANGUAGE_STANDARD = "gnu++20";
				CLANG_ENABLE_MODULES = YES;
				CLANG_ENABLE_OBJC_ARC = YES;
				CLANG_ENABLE_OBJC_WEAK = YES;
				CLANG_WARN_BLOCK_CAPTURE_AUTORELEASING = YES;
				CLANG_WARN_BOOL_CONVERSION = YES;
				CLANG_WARN_COMMA = YES;
				CLANG_WARN_CONSTANT_CONVERSION = YES;
				CLANG_WARN_DEPRECATED_OBJC_IMPLEMENTATIONS = YES;
				CLANG_WARN_DIRECT_OBJC_ISA_USAGE = YES_ERROR;
				CLANG_WARN_DOCUMENTATION_COMMENTS = YES;
				CLANG_WARN_EMPTY_BODY = YES;
				CLANG_WARN_ENUM_CONVERSION = YES;
				CLANG_WARN_INFINITE_RECURSION = YES;
				CLANG_WARN_INT_CONVERSION = YES;
				CLANG_WARN_NON_LITERAL_NULL_CONVERSION = YES;
				CLANG_WARN_OBJC_IMPLICIT_RETAIN_SELF = YES;
				CLANG_WARN_OBJC_LITERAL_CONVERSION = YES;
				CLANG_WARN_OBJC_ROOT_CLASS = YES_ERROR;
				CLANG_WARN_QUOTED_INCLUDE_IN_FRAMEWORK_HEADER = YES;
				CLANG_WARN_RANGE_LOOP_ANALYSIS = YES;
				CLANG_WARN_STRICT_PROTOTYPES = YES;
				CLANG_WARN_SUSPICIOUS_MOVE = YES;
				CLANG_WARN_UNGUARDED_AVAILABILITY = YES_AGGRESSIVE;
				CLANG_WARN_UNREACHABLE_CODE = YES;
				CLANG_WARN__DUPLICATE_METHOD_MATCH = YES;
				COPY_PHASE_STRIP = NO;
				DEBUG_INFORMATION_FORMAT = dwarf;
				DEVELOPMENT_TEAM = 2KPALSNS6E;
				ENABLE_STRICT_OBJC_MSGSEND = YES;
				ENABLE_TESTABILITY = YES;
				ENABLE_USER_SCRIPT_SANDBOXING = YES;
				GCC_C_LANGUAGE_STANDARD = gnu17;
				GCC_DYNAMIC_NO_PIC = NO;
				GCC_NO_COMMON_BLOCKS = YES;
				GCC_OPTIMIZATION_LEVEL = 0;
				GCC_PREPROCESSOR_DEFINITIONS = (
					"DEBUG=1",
					"$(inherited)",
				);
				GCC_WARN_64_TO_32_BIT_CONVERSION = YES;
				GCC_WARN_ABOUT_RETURN_TYPE = YES_ERROR;
				GCC_WARN_UNDECLARED_SELECTOR = YES;
				GCC_WARN_UNINITIALIZED_AUTOS = YES_AGGRESSIVE;
				GCC_WARN_UNUSED_FUNCTION = YES;
				GCC_WARN_UNUSED_VARIABLE = YES;
				IPHONEOS_DEPLOYMENT_TARGET = 26.0;
				LOCALIZATION_PREFERS_STRING_CATALOGS = YES;
				MTL_ENABLE_DEBUG_INFO = INCLUDE_SOURCE;
				MTL_FAST_MATH = YES;
				ONLY_ACTIVE_ARCH = YES;
				SDKROOT = iphoneos;
				SWIFT_ACTIVE_COMPILATION_CONDITIONS = "DEBUG $(inherited)";
				SWIFT_OPTIMIZATION_LEVEL = "-Onone";
			};
			name = Debug;
		};
		8C1135532EA5A0BF009F40D1 /* Release */ = {
			isa = XCBuildConfiguration;
			buildSettings = {
				ALWAYS_SEARCH_USER_PATHS = NO;
				ASSETCATALOG_COMPILER_GENERATE_SWIFT_ASSET_SYMBOL_EXTENSIONS = YES;
				CLANG_ANALYZER_NONNULL = YES;
				CLANG_ANALYZER_NUMBER_OBJECT_CONVERSION = YES_AGGRESSIVE;
				CLANG_CXX_LANGUAGE_STANDARD = "gnu++20";
				CLANG_ENABLE_MODULES = YES;
				CLANG_ENABLE_OBJC_ARC = YES;
				CLANG_ENABLE_OBJC_WEAK = YES;
				CLANG_WARN_BLOCK_CAPTURE_AUTORELEASING = YES;
				CLANG_WARN_BOOL_CONVERSION = YES;
				CLANG_WARN_COMMA = YES;
				CLANG_WARN_CONSTANT_CONVERSION = YES;
				CLANG_WARN_DEPRECATED_OBJC_IMPLEMENTATIONS = YES;
				CLANG_WARN_DIRECT_OBJC_ISA_USAGE = YES_ERROR;
				CLANG_WARN_DOCUMENTATION_COMMENTS = YES;
				CLANG_WARN_EMPTY_BODY = YES;
				CLANG_WARN_ENUM_CONVERSION = YES;
				CLANG_WARN_INFINITE_RECURSION = YES;
				CLANG_WARN_INT_CONVERSION = YES;
				CLANG_WARN_NON_LITERAL_NULL_CONVERSION = YES;
				CLANG_WARN_OBJC_IMPLICIT_RETAIN_SELF = YES;
				CLANG_WARN_OBJC_LITERAL_CONVERSION = YES;
				CLANG_WARN_OBJC_ROOT_CLASS = YES_ERROR;
				CLANG_WARN_QUOTED_INCLUDE_IN_FRAMEWORK_HEADER = YES;
				CLANG_WARN_RANGE_LOOP_ANALYSIS = YES;
				CLANG_WARN_STRICT_PROTOTYPES = YES;
				CLANG_WARN_SUSPICIOUS_MOVE = YES;
				CLANG_WARN_UNGUARDED_AVAILABILITY = YES_AGGRESSIVE;
				CLANG_WARN_UNREACHABLE_CODE = YES;
				CLANG_WARN__DUPLICATE_METHOD_MATCH = YES;
				COPY_PHASE_STRIP = NO;
				DEBUG_INFORMATION_FORMAT = "dwarf-with-dsym";
				DEVELOPMENT_TEAM = 2KPALSNS6E;
				ENABLE_NS_ASSERTIONS = NO;
				ENABLE_STRICT_OBJC_MSGSEND = YES;
				ENABLE_USER_SCRIPT_SANDBOXING = YES;
				GCC_C_LANGUAGE_STANDARD = gnu17;
				GCC_NO_COMMON_BLOCKS = YES;
				GCC_WARN_64_TO_32_BIT_CONVERSION = YES;
				GCC_WARN_ABOUT_RETURN_TYPE = YES_ERROR;
				GCC_WARN_UNDECLARED_SELECTOR = YES;
				GCC_WARN_UNINITIALIZED_AUTOS = YES_AGGRESSIVE;
				GCC_WARN_UNUSED_FUNCTION = YES;
				GCC_WARN_UNUSED_VARIABLE = YES;
				IPHONEOS_DEPLOYMENT_TARGET = 26.0;
				LOCALIZATION_PREFERS_STRING_CATALOGS = YES;
				MTL_ENABLE_DEBUG_INFO = NO;
				MTL_FAST_MATH = YES;
				SDKROOT = iphoneos;
				SWIFT_COMPILATION_MODE = wholemodule;
				VALIDATE_PRODUCT = YES;
			};
			name = Release;
		};
		8C1135552EA5A0BF009F40D1 /* Debug */ = {
			isa = XCBuildConfiguration;
			buildSettings = {
				ASSETCATALOG_COMPILER_APPICON_NAME = AppIcon;
				ASSETCATALOG_COMPILER_GLOBAL_ACCENT_COLOR_NAME = AccentColor;
				CLANG_ENABLE_MODULES = YES;
				CODE_SIGN_STYLE = Automatic;
				CURRENT_PROJECT_VERSION = 1;
				DEVELOPMENT_TEAM = 2KPALSNS6E;
				ENABLE_PREVIEWS = YES;
				GENERATE_INFOPLIST_FILE = YES;
				INFOPLIST_KEY_NSCameraUsageDescription = "This app needs camera access to demonstrate real-time video processing with filters.";
				INFOPLIST_KEY_UIApplicationSceneManifest_Generation = YES;
				INFOPLIST_KEY_UIApplicationSupportsIndirectInputEvents = YES;
				INFOPLIST_KEY_UILaunchScreen_Generation = YES;
				INFOPLIST_KEY_UISupportedInterfaceOrientations = "UIInterfaceOrientationLandscapeLeft UIInterfaceOrientationLandscapeRight UIInterfaceOrientationPortrait";
				INFOPLIST_KEY_UISupportedInterfaceOrientations_iPad = "UIInterfaceOrientationLandscapeLeft UIInterfaceOrientationLandscapeRight UIInterfaceOrientationPortrait UIInterfaceOrientationPortraitUpsideDown";
				LD_RUNPATH_SEARCH_PATHS = (
					"$(inherited)",
					"@executable_path/Frameworks",
				);
				MARKETING_VERSION = 1.0;
				PRODUCT_BUNDLE_IDENTIFIER = com.interrobang.RealtimeCameraSample;
				PRODUCT_NAME = "$(TARGET_NAME)";
				STRING_CATALOG_GENERATE_SYMBOLS = YES;
				SWIFT_APPROACHABLE_CONCURRENCY = YES;
				SWIFT_DEFAULT_ACTOR_ISOLATION = MainActor;
				SWIFT_EMIT_LOC_STRINGS = YES;
				SWIFT_OPTIMIZATION_LEVEL = "-Onone";
				SWIFT_UPCOMING_FEATURE_MEMBER_IMPORT_VISIBILITY = YES;
				SWIFT_VERSION = 5.0;
				TARGETED_DEVICE_FAMILY = "1,2";
			};
			name = Debug;
		};
		8C1135562EA5A0BF009F40D1 /* Release */ = {
			isa = XCBuildConfiguration;
			buildSettings = {
				ASSETCATALOG_COMPILER_APPICON_NAME = AppIcon;
				ASSETCATALOG_COMPILER_GLOBAL_ACCENT_COLOR_NAME = AccentColor;
				CLANG_ENABLE_MODULES = YES;
				CODE_SIGN_STYLE = Automatic;
				CURRENT_PROJECT_VERSION = 1;
				DEVELOPMENT_TEAM = 2KPALSNS6E;
				ENABLE_PREVIEWS = YES;
				GENERATE_INFOPLIST_FILE = YES;
				INFOPLIST_KEY_NSCameraUsageDescription = "This app needs camera access to demonstrate real-time video processing with filters.";
				INFOPLIST_KEY_UIApplicationSceneManifest_Generation = YES;
				INFOPLIST_KEY_UIApplicationSupportsIndirectInputEvents = YES;
				INFOPLIST_KEY_UILaunchScreen_Generation = YES;
				INFOPLIST_KEY_UISupportedInterfaceOrientations = "UIInterfaceOrientationLandscapeLeft UIInterfaceOrientationLandscapeRight UIInterfaceOrientationPortrait";
				INFOPLIST_KEY_UISupportedInterfaceOrientations_iPad = "UIInterfaceOrientationLandscapeLeft UIInterfaceOrientationLandscapeRight UIInterfaceOrientationPortrait UIInterfaceOrientationPortraitUpsideDown";
				LD_RUNPATH_SEARCH_PATHS = (
					"$(inherited)",
					"@executable_path/Frameworks",
				);
				MARKETING_VERSION = 1.0;
				PRODUCT_BUNDLE_IDENTIFIER = com.interrobang.RealtimeCameraSample;
				PRODUCT_NAME = "$(TARGET_NAME)";
				STRING_CATALOG_GENERATE_SYMBOLS = YES;
				SWIFT_APPROACHABLE_CONCURRENCY = YES;
				SWIFT_DEFAULT_ACTOR_ISOLATION = MainActor;
				SWIFT_EMIT_LOC_STRINGS = YES;
				SWIFT_UPCOMING_FEATURE_MEMBER_IMPORT_VISIBILITY = YES;
				SWIFT_VERSION = 5.0;
				TARGETED_DEVICE_FAMILY = "1,2";
			};
			name = Release;
		};
		8C1135582EA5A0BF009F40D1 /* Debug */ = {
			isa = XCBuildConfiguration;
			buildSettings = {
				BUNDLE_LOADER = "$(TEST_HOST)";
				CODE_SIGN_STYLE = Automatic;
				CURRENT_PROJECT_VERSION = 1;
				DEVELOPMENT_TEAM = 2KPALSNS6E;
				GENERATE_INFOPLIST_FILE = YES;
				IPHONEOS_DEPLOYMENT_TARGET = 26.0;
				MARKETING_VERSION = 1.0;
				PRODUCT_BUNDLE_IDENTIFIER = com.interrobang.RealtimeCameraSampleTests;
				PRODUCT_NAME = "$(TARGET_NAME)";
				STRING_CATALOG_GENERATE_SYMBOLS = NO;
				SWIFT_APPROACHABLE_CONCURRENCY = YES;
				SWIFT_EMIT_LOC_STRINGS = NO;
				SWIFT_UPCOMING_FEATURE_MEMBER_IMPORT_VISIBILITY = YES;
				SWIFT_VERSION = 5.0;
				TARGETED_DEVICE_FAMILY = "1,2";
				TEST_HOST = "$(BUILT_PRODUCTS_DIR)/RealtimeCameraSample.app/$(BUNDLE_EXECUTABLE_FOLDER_PATH)/RealtimeCameraSample";
			};
			name = Debug;
		};
		8C1135592EA5A0BF009F40D1 /* Release */ = {
			isa = XCBuildConfiguration;
			buildSettings = {
				BUNDLE_LOADER = "$(TEST_HOST)";
				CODE_SIGN_STYLE = Automatic;
				CURRENT_PROJECT_VERSION = 1;
				DEVELOPMENT_TEAM = 2KPALSNS6E;
				GENERATE_INFOPLIST_FILE = YES;
				IPHONEOS_DEPLOYMENT_TARGET = 26.0;
				MARKETING_VERSION = 1.0;
				PRODUCT_BUNDLE_IDENTIFIER = com.interrobang.RealtimeCameraSampleTests;
				PRODUCT_NAME = "$(TARGET_NAME)";
				STRING_CATALOG_GENERATE_SYMBOLS = NO;
				SWIFT_APPROACHABLE_CONCURRENCY = YES;
				SWIFT_EMIT_LOC_STRINGS = NO;
				SWIFT_UPCOMING_FEATURE_MEMBER_IMPORT_VISIBILITY = YES;
				SWIFT_VERSION = 5.0;
				TARGETED_DEVICE_FAMILY = "1,2";
				TEST_HOST = "$(BUILT_PRODUCTS_DIR)/RealtimeCameraSample.app/$(BUNDLE_EXECUTABLE_FOLDER_PATH)/RealtimeCameraSample";
			};
			name = Release;
		};
		8C11355B2EA5A0BF009F40D1 /* Debug */ = {
			isa = XCBuildConfiguration;
			buildSettings = {
				CODE_SIGN_STYLE = Automatic;
				CURRENT_PROJECT_VERSION = 1;
				DEVELOPMENT_TEAM = 2KPALSNS6E;
				GENERATE_INFOPLIST_FILE = YES;
				MARKETING_VERSION = 1.0;
				PRODUCT_BUNDLE_IDENTIFIER = com.interrobang.RealtimeCameraSampleUITests;
				PRODUCT_NAME = "$(TARGET_NAME)";
				STRING_CATALOG_GENERATE_SYMBOLS = NO;
				SWIFT_APPROACHABLE_CONCURRENCY = YES;
				SWIFT_EMIT_LOC_STRINGS = NO;
				SWIFT_UPCOMING_FEATURE_MEMBER_IMPORT_VISIBILITY = YES;
				SWIFT_VERSION = 5.0;
				TARGETED_DEVICE_FAMILY = "1,2";
				TEST_TARGET_NAME = RealtimeCameraSample;
			};
			name = Debug;
		};
		8C11355C2EA5A0BF009F40D1 /* Release */ = {
			isa = XCBuildConfiguration;
			buildSettings = {
				CODE_SIGN_STYLE = Automatic;
				CURRENT_PROJECT_VERSION = 1;
				DEVELOPMENT_TEAM = 2KPALSNS6E;
				GENERATE_INFOPLIST_FILE = YES;
				MARKETING_VERSION = 1.0;
				PRODUCT_BUNDLE_IDENTIFIER = com.interrobang.RealtimeCameraSampleUITests;
				PRODUCT_NAME = "$(TARGET_NAME)";
				STRING_CATALOG_GENERATE_SYMBOLS = NO;
				SWIFT_APPROACHABLE_CONCURRENCY = YES;
				SWIFT_EMIT_LOC_STRINGS = NO;
				SWIFT_UPCOMING_FEATURE_MEMBER_IMPORT_VISIBILITY = YES;
				SWIFT_VERSION = 5.0;
				TARGETED_DEVICE_FAMILY = "1,2";
				TEST_TARGET_NAME = RealtimeCameraSample;
			};
			name = Release;
		};
/* End XCBuildConfiguration section */

/* Begin XCConfigurationList section */
		8C11352E2EA5A0BE009F40D1 /* Build configuration list for PBXProject "RealtimeCameraSample" */ = {
			isa = XCConfigurationList;
			buildConfigurations = (
				8C1135522EA5A0BF009F40D1 /* Debug */,
				8C1135532EA5A0BF009F40D1 /* Release */,
			);
			defaultConfigurationIsVisible = 0;
			defaultConfigurationName = Release;
		};
		8C1135542EA5A0BF009F40D1 /* Build configuration list for PBXNativeTarget "RealtimeCameraSample" */ = {
			isa = XCConfigurationList;
			buildConfigurations = (
				8C1135552EA5A0BF009F40D1 /* Debug */,
				8C1135562EA5A0BF009F40D1 /* Release */,
			);
			defaultConfigurationIsVisible = 0;
			defaultConfigurationName = Release;
		};
		8C1135572EA5A0BF009F40D1 /* Build configuration list for PBXNativeTarget "RealtimeCameraSampleTests" */ = {
			isa = XCConfigurationList;
			buildConfigurations = (
				8C1135582EA5A0BF009F40D1 /* Debug */,
				8C1135592EA5A0BF009F40D1 /* Release */,
			);
			defaultConfigurationIsVisible = 0;
			defaultConfigurationName = Release;
		};
		8C11355A2EA5A0BF009F40D1 /* Build configuration list for PBXNativeTarget "RealtimeCameraSampleUITests" */ = {
			isa = XCConfigurationList;
			buildConfigurations = (
				8C11355B2EA5A0BF009F40D1 /* Debug */,
				8C11355C2EA5A0BF009F40D1 /* Release */,
			);
			defaultConfigurationIsVisible = 0;
			defaultConfigurationName = Release;
		};
/* End XCConfigurationList section */

/* Begin XCLocalSwiftPackageReference section */
		8C1135742EA5A1A7009F40D1 /* XCLocalSwiftPackageReference "../../VideoProcessingTwo" */ = {
			isa = XCLocalSwiftPackageReference;
			relativePath = ../../VideoProcessingTwo;
		};
/* End XCLocalSwiftPackageReference section */

/* Begin XCSwiftPackageProductDependency section */
		8C1135752EA5A1A7009F40D1 /* VideoProcessingTwo */ = {
			isa = XCSwiftPackageProductDependency;
			productName = VideoProcessingTwo;
		};
/* End XCSwiftPackageProductDependency section */
	};
	rootObject = 8C11352B2EA5A0BE009F40D1 /* Project object */;
}
