// !$*UTF8*$!
{
	archiveVersion = 1;
	classes = {
	};
	objectVersion = 77;
	objects = {

/* Begin PBXBuildFile section */
		8CEB93482EBBE54100543E8C /* VideoProcessingTwo in Frameworks */ = {isa = PBXBuildFile; productRef = 8CEB93472EBBE54100543E8C /* VideoProcessingTwo */; };
/* End PBXBuildFile section */

/* Begin PBXContainerItemProxy section */
		8CEB93252EBBE46D00543E8C /* PBXContainerItemProxy */ = {
			isa = PBXContainerItemProxy;
			containerPortal = 8CEB930F2EBBE46C00543E8C /* Project object */;
			proxyType = 1;
			remoteGlobalIDString = 8CEB93162EBBE46C00543E8C;
			remoteInfo = MultiLayerSample;
		};
		8CEB932F2EBBE46D00543E8C /* PBXContainerItemProxy */ = {
			isa = PBXContainerItemProxy;
			containerPortal = 8CEB930F2EBBE46C00543E8C /* Project object */;
			proxyType = 1;
			remoteGlobalIDString = 8CEB93162EBBE46C00543E8C;
			remoteInfo = MultiLayerSample;
		};
/* End PBXContainerItemProxy section */

/* Begin PBXFileReference section */
		8CEB93172EBBE46C00543E8C /* MultiLayerSample.app */ = {isa = PBXFileReference; explicitFileType = wrapper.application; includeInIndex = 0; path = MultiLayerSample.app; sourceTree = BUILT_PRODUCTS_DIR; };
		8CEB93242EBBE46D00543E8C /* MultiLayerSampleTests.xctest */ = {isa = PBXFileReference; explicitFileType = wrapper.cfbundle; includeInIndex = 0; path = MultiLayerSampleTests.xctest; sourceTree = BUILT_PRODUCTS_DIR; };
		8CEB932E2EBBE46D00543E8C /* MultiLayerSampleUITests.xctest */ = {isa = PBXFileReference; explicitFileType = wrapper.cfbundle; includeInIndex = 0; path = MultiLayerSampleUITests.xctest; sourceTree = BUILT_PRODUCTS_DIR; };
/* End PBXFileReference section */

/* Begin PBXFileSystemSynchronizedRootGroup section */
		8CEB93192EBBE46C00543E8C /* MultiLayerSample */ = {
			isa = PBXFileSystemSynchronizedRootGroup;
			path = MultiLayerSample;
			sourceTree = "<group>";
		};
		8CEB93272EBBE46D00543E8C /* MultiLayerSampleTests */ = {
			isa = PBXFileSystemSynchronizedRootGroup;
			path = MultiLayerSampleTests;
			sourceTree = "<group>";
		};
		8CEB93312EBBE46D00543E8C /* MultiLayerSampleUITests */ = {
			isa = PBXFileSystemSynchronizedRootGroup;
			path = MultiLayerSampleUITests;
			sourceTree = "<group>";
		};
/* End PBXFileSystemSynchronizedRootGroup section */

/* Begin PBXFrameworksBuildPhase section */
		8CEB93142EBBE46C00543E8C /* Frameworks */ = {
			isa = PBXFrameworksBuildPhase;
			buildActionMask = 2147483647;
			files = (
				8CEB93482EBBE54100543E8C /* VideoProcessingTwo in Frameworks */,
			);
			runOnlyForDeploymentPostprocessing = 0;
		};
		8CEB93212EBBE46D00543E8C /* Frameworks */ = {
			isa = PBXFrameworksBuildPhase;
			buildActionMask = 2147483647;
			files = (
			);
			runOnlyForDeploymentPostprocessing = 0;
		};
		8CEB932B2EBBE46D00543E8C /* Frameworks */ = {
			isa = PBXFrameworksBuildPhase;
			buildActionMask = 2147483647;
			files = (
			);
			runOnlyForDeploymentPostprocessing = 0;
		};
/* End PBXFrameworksBuildPhase section */

/* Begin PBXGroup section */
		8CEB930E2EBBE46C00543E8C = {
			isa = PBXGroup;
			children = (
				8CEB93192EBBE46C00543E8C /* MultiLayerSample */,
				8CEB93272EBBE46D00543E8C /* MultiLayerSampleTests */,
				8CEB93312EBBE46D00543E8C /* MultiLayerSampleUITests */,
				8CEB93462EBBE54100543E8C /* Frameworks */,
				8CEB93182EBBE46C00543E8C /* Products */,
			);
			sourceTree = "<group>";
		};
		8CEB93182EBBE46C00543E8C /* Products */ = {
			isa = PBXGroup;
			children = (
				8CEB93172EBBE46C00543E8C /* MultiLayerSample.app */,
				8CEB93242EBBE46D00543E8C /* MultiLayerSampleTests.xctest */,
				8CEB932E2EBBE46D00543E8C /* MultiLayerSampleUITests.xctest */,
			);
			name = Products;
			sourceTree = "<group>";
		};
		8CEB93462EBBE54100543E8C /* Frameworks */ = {
			isa = PBXGroup;
			children = (
			);
			name = Frameworks;
			sourceTree = "<group>";
		};
/* End PBXGroup section */

/* Begin PBXNativeTarget section */
		8CEB93162EBBE46C00543E8C /* MultiLayerSample */ = {
			isa = PBXNativeTarget;
			buildConfigurationList = 8CEB93382EBBE46D00543E8C /* Build configuration list for PBXNativeTarget "MultiLayerSample" */;
			buildPhases = (
				8CEB93132EBBE46C00543E8C /* Sources */,
				8CEB93142EBBE46C00543E8C /* Frameworks */,
				8CEB93152EBBE46C00543E8C /* Resources */,
			);
			buildRules = (
			);
			dependencies = (
			);
			fileSystemSynchronizedGroups = (
				8CEB93192EBBE46C00543E8C /* MultiLayerSample */,
			);
			name = MultiLayerSample;
			packageProductDependencies = (
				8CEB93472EBBE54100543E8C /* VideoProcessingTwo */,
			);
			productName = MultiLayerSample;
			productReference = 8CEB93172EBBE46C00543E8C /* MultiLayerSample.app */;
			productType = "com.apple.product-type.application";
		};
		8CEB93232EBBE46D00543E8C /* MultiLayerSampleTests */ = {
			isa = PBXNativeTarget;
			buildConfigurationList = 8CEB933B2EBBE46D00543E8C /* Build configuration list for PBXNativeTarget "MultiLayerSampleTests" */;
			buildPhases = (
				8CEB93202EBBE46D00543E8C /* Sources */,
				8CEB93212EBBE46D00543E8C /* Frameworks */,
				8CEB93222EBBE46D00543E8C /* Resources */,
			);
			buildRules = (
			);
			dependencies = (
				8CEB93262EBBE46D00543E8C /* PBXTargetDependency */,
			);
			fileSystemSynchronizedGroups = (
				8CEB93272EBBE46D00543E8C /* MultiLayerSampleTests */,
			);
			name = MultiLayerSampleTests;
			packageProductDependencies = (
			);
			productName = MultiLayerSampleTests;
			productReference = 8CEB93242EBBE46D00543E8C /* MultiLayerSampleTests.xctest */;
			productType = "com.apple.product-type.bundle.unit-test";
		};
		8CEB932D2EBBE46D00543E8C /* MultiLayerSampleUITests */ = {
			isa = PBXNativeTarget;
			buildConfigurationList = 8CEB933E2EBBE46D00543E8C /* Build configuration list for PBXNativeTarget "MultiLayerSampleUITests" */;
			buildPhases = (
				8CEB932A2EBBE46D00543E8C /* Sources */,
				8CEB932B2EBBE46D00543E8C /* Frameworks */,
				8CEB932C2EBBE46D00543E8C /* Resources */,
			);
			buildRules = (
			);
			dependencies = (
				8CEB93302EBBE46D00543E8C /* PBXTargetDependency */,
			);
			fileSystemSynchronizedGroups = (
				8CEB93312EBBE46D00543E8C /* MultiLayerSampleUITests */,
			);
			name = MultiLayerSampleUITests;
			packageProductDependencies = (
			);
			productName = MultiLayerSampleUITests;
			productReference = 8CEB932E2EBBE46D00543E8C /* MultiLayerSampleUITests.xctest */;
			productType = "com.apple.product-type.bundle.ui-testing";
		};
/* End PBXNativeTarget section */

/* Begin PBXProject section */
		8CEB930F2EBBE46C00543E8C /* Project object */ = {
			isa = PBXProject;
			attributes = {
				BuildIndependentTargetsInParallel = 1;
				LastSwiftUpdateCheck = 2600;
				LastUpgradeCheck = 2600;
				TargetAttributes = {
					8CEB93162EBBE46C00543E8C = {
						CreatedOnToolsVersion = 26.0.1;
					};
					8CEB93232EBBE46D00543E8C = {
						CreatedOnToolsVersion = 26.0.1;
						TestTargetID = 8CEB93162EBBE46C00543E8C;
					};
					8CEB932D2EBBE46D00543E8C = {
						CreatedOnToolsVersion = 26.0.1;
						TestTargetID = 8CEB93162EBBE46C00543E8C;
					};
				};
			};
			buildConfigurationList = 8CEB93122EBBE46C00543E8C /* Build configuration list for PBXProject "MultiLayerSample" */;
			developmentRegion = en;
			hasScannedForEncodings = 0;
			knownRegions = (
				en,
				Base,
			);
			mainGroup = 8CEB930E2EBBE46C00543E8C;
			minimizedProjectReferenceProxies = 1;
			packageReferences = (
				8CEB93452EBBE49300543E8C /* XCLocalSwiftPackageReference "../../VideoProcessingTwo" */,
			);
			preferredProjectObjectVersion = 77;
			productRefGroup = 8CEB93182EBBE46C00543E8C /* Products */;
			projectDirPath = "";
			projectRoot = "";
			targets = (
				8CEB93162EBBE46C00543E8C /* MultiLayerSample */,
				8CEB93232EBBE46D00543E8C /* MultiLayerSampleTests */,
				8CEB932D2EBBE46D00543E8C /* MultiLayerSampleUITests */,
			);
		};
/* End PBXProject section */

/* Begin PBXResourcesBuildPhase section */
		8CEB93152EBBE46C00543E8C /* Resources */ = {
			isa = PBXResourcesBuildPhase;
			buildActionMask = 2147483647;
			files = (
			);
			runOnlyForDeploymentPostprocessing = 0;
		};
		8CEB93222EBBE46D00543E8C /* Resources */ = {
			isa = PBXResourcesBuildPhase;
			buildActionMask = 2147483647;
			files = (
			);
			runOnlyForDeploymentPostprocessing = 0;
		};
		8CEB932C2EBBE46D00543E8C /* Resources */ = {
			isa = PBXResourcesBuildPhase;
			buildActionMask = 2147483647;
			files = (
			);
			runOnlyForDeploymentPostprocessing = 0;
		};
/* End PBXResourcesBuildPhase section */

/* Begin PBXSourcesBuildPhase section */
		8CEB93132EBBE46C00543E8C /* Sources */ = {
			isa = PBXSourcesBuildPhase;
			buildActionMask = 2147483647;
			files = (
			);
			runOnlyForDeploymentPostprocessing = 0;
		};
		8CEB93202EBBE46D00543E8C /* Sources */ = {
			isa = PBXSourcesBuildPhase;
			buildActionMask = 2147483647;
			files = (
			);
			runOnlyForDeploymentPostprocessing = 0;
		};
		8CEB932A2EBBE46D00543E8C /* Sources */ = {
			isa = PBXSourcesBuildPhase;
			buildActionMask = 2147483647;
			files = (
			);
			runOnlyForDeploymentPostprocessing = 0;
		};
/* End PBXSourcesBuildPhase section */

/* Begin PBXTargetDependency section */
		8CEB93262EBBE46D00543E8C /* PBXTargetDependency */ = {
			isa = PBXTargetDependency;
			target = 8CEB93162EBBE46C00543E8C /* MultiLayerSample */;
			targetProxy = 8CEB93252EBBE46D00543E8C /* PBXContainerItemProxy */;
		};
		8CEB93302EBBE46D00543E8C /* PBXTargetDependency */ = {
			isa = PBXTargetDependency;
			target = 8CEB93162EBBE46C00543E8C /* MultiLayerSample */;
			targetProxy = 8CEB932F2EBBE46D00543E8C /* PBXContainerItemProxy */;
		};
/* End PBXTargetDependency section */

/* Begin XCBuildConfiguration section */
		8CEB93362EBBE46D00543E8C /* Debug */ = {
			isa = XCBuildConfiguration;
			buildSettings = {
				ALWAYS_SEARCH_USER_PATHS = NO;
				ASSETCATALOG_COMPILER_GENERATE_SWIFT_ASSET_SYMBOL_EXTENSIONS = YES;
				CLANG_ANALYZER_NONNULL = YES;
				CLANG_ANALYZER_NUMBER_OBJECT_CONVERSION = YES_AGGRESSIVE;
				CLANG_CXX_LANGUAGE_STANDARD = "gnu++20";
				CLANG_ENABLE_MODULES = YES;
				CLANG_ENABLE_OBJC_ARC = YES;
				CLANG_ENABLE_OBJC_WEAK = YES;
				CLANG_WARN_BLOCK_CAPTURE_AUTORELEASING = YES;
				CLANG_WARN_BOOL_CONVERSION = YES;
				CLANG_WARN_COMMA = YES;
				CLANG_WARN_CONSTANT_CONVERSION = YES;
				CLANG_WARN_DEPRECATED_OBJC_IMPLEMENTATIONS = YES;
				CLANG_WARN_DIRECT_OBJC_ISA_USAGE = YES_ERROR;
				CLANG_WARN_DOCUMENTATION_COMMENTS = YES;
				CLANG_WARN_EMPTY_BODY = YES;
				CLANG_WARN_ENUM_CONVERSION = YES;
				CLANG_WARN_INFINITE_RECURSION = YES;
				CLANG_WARN_INT_CONVERSION = YES;
				CLANG_WARN_NON_LITERAL_NULL_CONVERSION = YES;
				CLANG_WARN_OBJC_IMPLICIT_RETAIN_SELF = YES;
				CLANG_WARN_OBJC_LITERAL_CONVERSION = YES;
				CLANG_WARN_OBJC_ROOT_CLASS = YES_ERROR;
				CLANG_WARN_QUOTED_INCLUDE_IN_FRAMEWORK_HEADER = YES;
				CLANG_WARN_RANGE_LOOP_ANALYSIS = YES;
				CLANG_WARN_STRICT_PROTOTYPES = YES;
				CLANG_WARN_SUSPICIOUS_MOVE = YES;
				CLANG_WARN_UNGUARDED_AVAILABILITY = YES_AGGRESSIVE;
				CLANG_WARN_UNREACHABLE_CODE = YES;
				CLANG_WARN__DUPLICATE_METHOD_MATCH = YES;
				COPY_PHASE_STRIP = NO;
				DEBUG_INFORMATION_FORMAT = dwarf;
				DEVELOPMENT_TEAM = 2KPALSNS6E;
				ENABLE_STRICT_OBJC_MSGSEND = YES;
				ENABLE_TESTABILITY = YES;
				ENABLE_USER_SCRIPT_SANDBOXING = YES;
				GCC_C_LANGUAGE_STANDARD = gnu17;
				GCC_DYNAMIC_NO_PIC = NO;
				GCC_NO_COMMON_BLOCKS = YES;
				GCC_OPTIMIZATION_LEVEL = 0;
				GCC_PREPROCESSOR_DEFINITIONS = (
					"DEBUG=1",
					"$(inherited)",
				);
				GCC_WARN_64_TO_32_BIT_CONVERSION = YES;
				GCC_WARN_ABOUT_RETURN_TYPE = YES_ERROR;
				GCC_WARN_UNDECLARED_SELECTOR = YES;
				GCC_WARN_UNINITIALIZED_AUTOS = YES_AGGRESSIVE;
				GCC_WARN_UNUSED_FUNCTION = YES;
				GCC_WARN_UNUSED_VARIABLE = YES;
				IPHONEOS_DEPLOYMENT_TARGET = 26.0;
				LOCALIZATION_PREFERS_STRING_CATALOGS = YES;
				MTL_ENABLE_DEBUG_INFO = INCLUDE_SOURCE;
				MTL_FAST_MATH = YES;
				ONLY_ACTIVE_ARCH = YES;
				SDKROOT = iphoneos;
				SWIFT_ACTIVE_COMPILATION_CONDITIONS = "DEBUG $(inherited)";
				SWIFT_OPTIMIZATION_LEVEL = "-Onone";
			};
			name = Debug;
		};
		8CEB93372EBBE46D00543E8C /* Release */ = {
			isa = XCBuildConfiguration;
			buildSettings = {
				ALWAYS_SEARCH_USER_PATHS = NO;
				ASSETCATALOG_COMPILER_GENERATE_SWIFT_ASSET_SYMBOL_EXTENSIONS = YES;
				CLANG_ANALYZER_NONNULL = YES;
				CLANG_ANALYZER_NUMBER_OBJECT_CONVERSION = YES_AGGRESSIVE;
				CLANG_CXX_LANGUAGE_STANDARD = "gnu++20";
				CLANG_ENABLE_MODULES = YES;
				CLANG_ENABLE_OBJC_ARC = YES;
				CLANG_ENABLE_OBJC_WEAK = YES;
				CLANG_WARN_BLOCK_CAPTURE_AUTORELEASING = YES;
				CLANG_WARN_BOOL_CONVERSION = YES;
				CLANG_WARN_COMMA = YES;
				CLANG_WARN_CONSTANT_CONVERSION = YES;
				CLANG_WARN_DEPRECATED_OBJC_IMPLEMENTATIONS = YES;
				CLANG_WARN_DIRECT_OBJC_ISA_USAGE = YES_ERROR;
				CLANG_WARN_DOCUMENTATION_COMMENTS = YES;
				CLANG_WARN_EMPTY_BODY = YES;
				CLANG_WARN_ENUM_CONVERSION = YES;
				CLANG_WARN_INFINITE_RECURSION = YES;
				CLANG_WARN_INT_CONVERSION = YES;
				CLANG_WARN_NON_LITERAL_NULL_CONVERSION = YES;
				CLANG_WARN_OBJC_IMPLICIT_RETAIN_SELF = YES;
				CLANG_WARN_OBJC_LITERAL_CONVERSION = YES;
				CLANG_WARN_OBJC_ROOT_CLASS = YES_ERROR;
				CLANG_WARN_QUOTED_INCLUDE_IN_FRAMEWORK_HEADER = YES;
				CLANG_WARN_RANGE_LOOP_ANALYSIS = YES;
				CLANG_WARN_STRICT_PROTOTYPES = YES;
				CLANG_WARN_SUSPICIOUS_MOVE = YES;
				CLANG_WARN_UNGUARDED_AVAILABILITY = YES_AGGRESSIVE;
				CLANG_WARN_UNREACHABLE_CODE = YES;
				CLANG_WARN__DUPLICATE_METHOD_MATCH = YES;
				COPY_PHASE_STRIP = NO;
				DEBUG_INFORMATION_FORMAT = "dwarf-with-dsym";
				DEVELOPMENT_TEAM = 2KPALSNS6E;
				ENABLE_NS_ASSERTIONS = NO;
				ENABLE_STRICT_OBJC_MSGSEND = YES;
				ENABLE_USER_SCRIPT_SANDBOXING = YES;
				GCC_C_LANGUAGE_STANDARD = gnu17;
				GCC_NO_COMMON_BLOCKS = YES;
				GCC_WARN_64_TO_32_BIT_CONVERSION = YES;
				GCC_WARN_ABOUT_RETURN_TYPE = YES_ERROR;
				GCC_WARN_UNDECLARED_SELECTOR = YES;
				GCC_WARN_UNINITIALIZED_AUTOS = YES_AGGRESSIVE;
				GCC_WARN_UNUSED_FUNCTION = YES;
				GCC_WARN_UNUSED_VARIABLE = YES;
				IPHONEOS_DEPLOYMENT_TARGET = 26.0;
				LOCALIZATION_PREFERS_STRING_CATALOGS = YES;
				MTL_ENABLE_DEBUG_INFO = NO;
				MTL_FAST_MATH = YES;
				SDKROOT = iphoneos;
				SWIFT_COMPILATION_MODE = wholemodule;
				VALIDATE_PRODUCT = YES;
			};
			name = Release;
		};
		8CEB93392EBBE46D00543E8C /* Debug */ = {
			isa = XCBuildConfiguration;
			buildSettings = {
				ASSETCATALOG_COMPILER_APPICON_NAME = AppIcon;
				ASSETCATALOG_COMPILER_GLOBAL_ACCENT_COLOR_NAME = AccentColor;
				CODE_SIGN_STYLE = Automatic;
				CURRENT_PROJECT_VERSION = 1;
				DEVELOPMENT_TEAM = 2KPALSNS6E;
				ENABLE_PREVIEWS = YES;
				GENERATE_INFOPLIST_FILE = YES;
				INFOPLIST_KEY_UIApplicationSceneManifest_Generation = YES;
				INFOPLIST_KEY_UIApplicationSupportsIndirectInputEvents = YES;
				INFOPLIST_KEY_UILaunchScreen_Generation = YES;
				INFOPLIST_KEY_UISupportedInterfaceOrientations_iPad = "UIInterfaceOrientationPortrait UIInterfaceOrientationPortraitUpsideDown UIInterfaceOrientationLandscapeLeft UIInterfaceOrientationLandscapeRight";
				INFOPLIST_KEY_UISupportedInterfaceOrientations_iPhone = "UIInterfaceOrientationPortrait UIInterfaceOrientationLandscapeLeft UIInterfaceOrientationLandscapeRight";
				LD_RUNPATH_SEARCH_PATHS = (
					"$(inherited)",
					"@executable_path/Frameworks",
				);
				MARKETING_VERSION = 1.0;
				PRODUCT_BUNDLE_IDENTIFIER = com.interrobang.MultiLayerSample;
				PRODUCT_NAME = "$(TARGET_NAME)";
				STRING_CATALOG_GENERATE_SYMBOLS = YES;
				SWIFT_APPROACHABLE_CONCURRENCY = YES;
				SWIFT_DEFAULT_ACTOR_ISOLATION = MainActor;
				SWIFT_EMIT_LOC_STRINGS = YES;
				SWIFT_UPCOMING_FEATURE_MEMBER_IMPORT_VISIBILITY = YES;
				SWIFT_VERSION = 5.0;
				TARGETED_DEVICE_FAMILY = "1,2";
			};
			name = Debug;
		};
		8CEB933A2EBBE46D00543E8C /* Release */ = {
			isa = XCBuildConfiguration;
			buildSettings = {
				ASSETCATALOG_COMPILER_APPICON_NAME = AppIcon;
				ASSETCATALOG_COMPILER_GLOBAL_ACCENT_COLOR_NAME = AccentColor;
				CODE_SIGN_STYLE = Automatic;
				CURRENT_PROJECT_VERSION = 1;
				DEVELOPMENT_TEAM = 2KPALSNS6E;
				ENABLE_PREVIEWS = YES;
				GENERATE_INFOPLIST_FILE = YES;
				INFOPLIST_KEY_UIApplicationSceneManifest_Generation = YES;
				INFOPLIST_KEY_UIApplicationSupportsIndirectInputEvents = YES;
				INFOPLIST_KEY_UILaunchScreen_Generation = YES;
				INFOPLIST_KEY_UISupportedInterfaceOrientations_iPad = "UIInterfaceOrientationPortrait UIInterfaceOrientationPortraitUpsideDown UIInterfaceOrientationLandscapeLeft UIInterfaceOrientationLandscapeRight";
				INFOPLIST_KEY_UISupportedInterfaceOrientations_iPhone = "UIInterfaceOrientationPortrait UIInterfaceOrientationLandscapeLeft UIInterfaceOrientationLandscapeRight";
				LD_RUNPATH_SEARCH_PATHS = (
					"$(inherited)",
					"@executable_path/Frameworks",
				);
				MARKETING_VERSION = 1.0;
				PRODUCT_BUNDLE_IDENTIFIER = com.interrobang.MultiLayerSample;
				PRODUCT_NAME = "$(TARGET_NAME)";
				STRING_CATALOG_GENERATE_SYMBOLS = YES;
				SWIFT_APPROACHABLE_CONCURRENCY = YES;
				SWIFT_DEFAULT_ACTOR_ISOLATION = MainActor;
				SWIFT_EMIT_LOC_STRINGS = YES;
				SWIFT_UPCOMING_FEATURE_MEMBER_IMPORT_VISIBILITY = YES;
				SWIFT_VERSION = 5.0;
				TARGETED_DEVICE_FAMILY = "1,2";
			};
			name = Release;
		};
		8CEB933C2EBBE46D00543E8C /* Debug */ = {
			isa = XCBuildConfiguration;
			buildSettings = {
				BUNDLE_LOADER = "$(TEST_HOST)";
				CODE_SIGN_STYLE = Automatic;
				CURRENT_PROJECT_VERSION = 1;
				DEVELOPMENT_TEAM = 2KPALSNS6E;
				GENERATE_INFOPLIST_FILE = YES;
				IPHONEOS_DEPLOYMENT_TARGET = 26.0;
				MARKETING_VERSION = 1.0;
				PRODUCT_BUNDLE_IDENTIFIER = com.interrobang.MultiLayerSampleTests;
				PRODUCT_NAME = "$(TARGET_NAME)";
				STRING_CATALOG_GENERATE_SYMBOLS = NO;
				SWIFT_APPROACHABLE_CONCURRENCY = YES;
				SWIFT_EMIT_LOC_STRINGS = NO;
				SWIFT_UPCOMING_FEATURE_MEMBER_IMPORT_VISIBILITY = YES;
				SWIFT_VERSION = 5.0;
				TARGETED_DEVICE_FAMILY = "1,2";
				TEST_HOST = "$(BUILT_PRODUCTS_DIR)/MultiLayerSample.app/$(BUNDLE_EXECUTABLE_FOLDER_PATH)/MultiLayerSample";
			};
			name = Debug;
		};
		8CEB933D2EBBE46D00543E8C /* Release */ = {
			isa = XCBuildConfiguration;
			buildSettings = {
				BUNDLE_LOADER = "$(TEST_HOST)";
				CODE_SIGN_STYLE = Automatic;
				CURRENT_PROJECT_VERSION = 1;
				DEVELOPMENT_TEAM = 2KPALSNS6E;
				GENERATE_INFOPLIST_FILE = YES;
				IPHONEOS_DEPLOYMENT_TARGET = 26.0;
				MARKETING_VERSION = 1.0;
				PRODUCT_BUNDLE_IDENTIFIER = com.interrobang.MultiLayerSampleTests;
				PRODUCT_NAME = "$(TARGET_NAME)";
				STRING_CATALOG_GENERATE_SYMBOLS = NO;
				SWIFT_APPROACHABLE_CONCURRENCY = YES;
				SWIFT_EMIT_LOC_STRINGS = NO;
				SWIFT_UPCOMING_FEATURE_MEMBER_IMPORT_VISIBILITY = YES;
				SWIFT_VERSION = 5.0;
				TARGETED_DEVICE_FAMILY = "1,2";
				TEST_HOST = "$(BUILT_PRODUCTS_DIR)/MultiLayerSample.app/$(BUNDLE_EXECUTABLE_FOLDER_PATH)/MultiLayerSample";
			};
			name = Release;
		};
		8CEB933F2EBBE46D00543E8C /* Debug */ = {
			isa = XCBuildConfiguration;
			buildSettings = {
				CODE_SIGN_STYLE = Automatic;
				CURRENT_PROJECT_VERSION = 1;
				DEVELOPMENT_TEAM = 2KPALSNS6E;
				GENERATE_INFOPLIST_FILE = YES;
				MARKETING_VERSION = 1.0;
				PRODUCT_BUNDLE_IDENTIFIER = com.interrobang.MultiLayerSampleUITests;
				PRODUCT_NAME = "$(TARGET_NAME)";
				STRING_CATALOG_GENERATE_SYMBOLS = NO;
				SWIFT_APPROACHABLE_CONCURRENCY = YES;
				SWIFT_EMIT_LOC_STRINGS = NO;
				SWIFT_UPCOMING_FEATURE_MEMBER_IMPORT_VISIBILITY = YES;
				SWIFT_VERSION = 5.0;
				TARGETED_DEVICE_FAMILY = "1,2";
				TEST_TARGET_NAME = MultiLayerSample;
			};
			name = Debug;
		};
		8CEB93402EBBE46D00543E8C /* Release */ = {
			isa = XCBuildConfiguration;
			buildSettings = {
				CODE_SIGN_STYLE = Automatic;
				CURRENT_PROJECT_VERSION = 1;
				DEVELOPMENT_TEAM = 2KPALSNS6E;
				GENERATE_INFOPLIST_FILE = YES;
				MARKETING_VERSION = 1.0;
				PRODUCT_BUNDLE_IDENTIFIER = com.interrobang.MultiLayerSampleUITests;
				PRODUCT_NAME = "$(TARGET_NAME)";
				STRING_CATALOG_GENERATE_SYMBOLS = NO;
				SWIFT_APPROACHABLE_CONCURRENCY = YES;
				SWIFT_EMIT_LOC_STRINGS = NO;
				SWIFT_UPCOMING_FEATURE_MEMBER_IMPORT_VISIBILITY = YES;
				SWIFT_VERSION = 5.0;
				TARGETED_DEVICE_FAMILY = "1,2";
				TEST_TARGET_NAME = MultiLayerSample;
			};
			name = Release;
		};
/* End XCBuildConfiguration section */

/* Begin XCConfigurationList section */
		8CEB93122EBBE46C00543E8C /* Build configuration list for PBXProject "MultiLayerSample" */ = {
			isa = XCConfigurationList;
			buildConfigurations = (
				8CEB93362EBBE46D00543E8C /* Debug */,
				8CEB93372EBBE46D00543E8C /* Release */,
			);
			defaultConfigurationIsVisible = 0;
			defaultConfigurationName = Release;
		};
		8CEB93382EBBE46D00543E8C /* Build configuration list for PBXNativeTarget "MultiLayerSample" */ = {
			isa = XCConfigurationList;
			buildConfigurations = (
				8CEB93392EBBE46D00543E8C /* Debug */,
				8CEB933A2EBBE46D00543E8C /* Release */,
			);
			defaultConfigurationIsVisible = 0;
			defaultConfigurationName = Release;
		};
		8CEB933B2EBBE46D00543E8C /* Build configuration list for PBXNativeTarget "MultiLayerSampleTests" */ = {
			isa = XCConfigurationList;
			buildConfigurations = (
				8CEB933C2EBBE46D00543E8C /* Debug */,
				8CEB933D2EBBE46D00543E8C /* Release */,
			);
			defaultConfigurationIsVisible = 0;
			defaultConfigurationName = Release;
		};
		8CEB933E2EBBE46D00543E8C /* Build configuration list for PBXNativeTarget "MultiLayerSampleUITests" */ = {
			isa = XCConfigurationList;
			buildConfigurations = (
				8CEB933F2EBBE46D00543E8C /* Debug */,
				8CEB93402EBBE46D00543E8C /* Release */,
			);
			defaultConfigurationIsVisible = 0;
			defaultConfigurationName = Release;
		};
/* End XCConfigurationList section */

/* Begin XCLocalSwiftPackageReference section */
		8CEB93452EBBE49300543E8C /* XCLocalSwiftPackageReference "../../VideoProcessingTwo" */ = {
			isa = XCLocalSwiftPackageReference;
			relativePath = ../../VideoProcessingTwo;
		};
/* End XCLocalSwiftPackageReference section */

/* Begin XCSwiftPackageProductDependency section */
		8CEB93472EBBE54100543E8C /* VideoProcessingTwo */ = {
			isa = XCSwiftPackageProductDependency;
			package = 8CEB93452EBBE49300543E8C /* XCLocalSwiftPackageReference "../../VideoProcessingTwo" */;
			productName = VideoProcessingTwo;
		};
/* End XCSwiftPackageProductDependency section */
	};
	rootObject = 8CEB930F2EBBE46C00543E8C /* Project object */;
}
